
Microsoft Visual Studio Solution File, Format Version 12.00
# Visual Studio Version 17
VisualStudioVersion = 17.0.31903.59
MinimumVisualStudioVersion = 10.0.40219.1
Project("{2150E333-8FDC-42A3-9474-1A3956D46DE8}") = "src", "src", "{827E0CD3-B72D-47B6-A68D-7590B98EB39B}"
EndProject
Project("{FAE04EC0-301F-11D3-BF4B-00C04F79EFBC}") = "API", "src\API\API.csproj", "{2AC23721-61EF-4432-B80E-3256855783FA}"
EndProject
Project("{FAE04EC0-301F-11D3-BF4B-00C04F79EFBC}") = "Application", "src\Application\Application.csproj", "{10D8810C-4984-4400-8C94-F53B0A7B7E81}"
EndProject
Project("{FAE04EC0-301F-11D3-BF4B-00C04F79EFBC}") = "Domain", "src\Domain\Domain.csproj", "{B692EABB-8BD5-43B6-989B-564A40E3980A}"
EndProject
Project("{FAE04EC0-301F-11D3-BF4B-00C04F79EFBC}") = "Infrastructure", "src\Infrastructure\Infrastructure.csproj", "{0812FD02-0D57-44C1-BB56-B0A8358E8FF8}"
EndProject
Project("{FAE04EC0-301F-11D3-BF4B-00C04F79EFBC}") = "tests", "tests\tests.csproj", "{B6E2A29D-4EE8-4A0F-92DB-61B19D52B3AA}"
EndProject
Global
	GlobalSection(SolutionConfigurationPlatforms) = preSolution
		Debug|Any CPU = Debug|Any CPU
		Debug|x64 = Debug|x64
		Debug|x86 = Debug|x86
		Release|Any CPU = Release|Any CPU
		Release|x64 = Release|x64
		Release|x86 = Release|x86
	EndGlobalSection
	GlobalSection(ProjectConfigurationPlatforms) = postSolution
		{2AC23721-61EF-4432-B80E-3256855783FA}.Debug|Any CPU.ActiveCfg = Debug|Any CPU
		{2AC23721-61EF-4432-B80E-3256855783FA}.Debug|Any CPU.Build.0 = Debug|Any CPU
		{2AC23721-61EF-4432-B80E-3256855783FA}.Debug|x64.ActiveCfg = Debug|Any CPU
		{2AC23721-61EF-4432-B80E-3256855783FA}.Debug|x64.Build.0 = Debug|Any CPU
		{2AC23721-61EF-4432-B80E-3256855783FA}.Debug|x86.ActiveCfg = Debug|Any CPU
		{2AC23721-61EF-4432-B80E-3256855783FA}.Debug|x86.Build.0 = Debug|Any CPU
		{2AC23721-61EF-4432-B80E-3256855783FA}.Release|Any CPU.ActiveCfg = Release|Any CPU
		{2AC23721-61EF-4432-B80E-3256855783FA}.Release|Any CPU.Build.0 = Release|Any CPU
		{2AC23721-61EF-4432-B80E-3256855783FA}.Release|x64.ActiveCfg = Release|Any CPU
		{2AC23721-61EF-4432-B80E-3256855783FA}.Release|x64.Build.0 = Release|Any CPU
		{2AC23721-61EF-4432-B80E-3256855783FA}.Release|x86.ActiveCfg = Release|Any CPU
		{2AC23721-61EF-4432-B80E-3256855783FA}.Release|x86.Build.0 = Release|Any CPU
		{10D8810C-4984-4400-8C94-F53B0A7B7E81}.Debug|Any CPU.ActiveCfg = Debug|Any CPU
		{10D8810C-4984-4400-8C94-F53B0A7B7E81}.Debug|Any CPU.Build.0 = Debug|Any CPU
		{10D8810C-4984-4400-8C94-F53B0A7B7E81}.Debug|x64.ActiveCfg = Debug|Any CPU
		{10D8810C-4984-4400-8C94-F53B0A7B7E81}.Debug|x64.Build.0 = Debug|Any CPU
		{10D8810C-4984-4400-8C94-F53B0A7B7E81}.Debug|x86.ActiveCfg = Debug|Any CPU
		{10D8810C-4984-4400-8C94-F53B0A7B7E81}.Debug|x86.Build.0 = Debug|Any CPU
		{10D8810C-4984-4400-8C94-F53B0A7B7E81}.Release|Any CPU.ActiveCfg = Release|Any CPU
		{10D8810C-4984-4400-8C94-F53B0A7B7E81}.Release|Any CPU.Build.0 = Release|Any CPU
		{10D8810C-4984-4400-8C94-F53B0A7B7E81}.Release|x64.ActiveCfg = Release|Any CPU
		{10D8810C-4984-4400-8C94-F53B0A7B7E81}.Release|x64.Build.0 = Release|Any CPU
		{10D8810C-4984-4400-8C94-F53B0A7B7E81}.Release|x86.ActiveCfg = Release|Any CPU
		{10D8810C-4984-4400-8C94-F53B0A7B7E81}.Release|x86.Build.0 = Release|Any CPU
		{B692EABB-8BD5-43B6-989B-564A40E3980A}.Debug|Any CPU.ActiveCfg = Debug|Any CPU
		{B692EABB-8BD5-43B6-989B-564A40E3980A}.Debug|Any CPU.Build.0 = Debug|Any CPU
		{B692EABB-8BD5-43B6-989B-564A40E3980A}.Debug|x64.ActiveCfg = Debug|Any CPU
		{B692EABB-8BD5-43B6-989B-564A40E3980A}.Debug|x64.Build.0 = Debug|Any CPU
		{B692EABB-8BD5-43B6-989B-564A40E3980A}.Debug|x86.ActiveCfg = Debug|Any CPU
		{B692EABB-8BD5-43B6-989B-564A40E3980A}.Debug|x86.Build.0 = Debug|Any CPU
		{B692EABB-8BD5-43B6-989B-564A40E3980A}.Release|Any CPU.ActiveCfg = Release|Any CPU
		{B692EABB-8BD5-43B6-989B-564A40E3980A}.Release|Any CPU.Build.0 = Release|Any CPU
		{B692EABB-8BD5-43B6-989B-564A40E3980A}.Release|x64.ActiveCfg = Release|Any CPU
		{B692EABB-8BD5-43B6-989B-564A40E3980A}.Release|x64.Build.0 = Release|Any CPU
		{B692EABB-8BD5-43B6-989B-564A40E3980A}.Release|x86.ActiveCfg = Release|Any CPU
		{B692EABB-8BD5-43B6-989B-564A40E3980A}.Release|x86.Build.0 = Release|Any CPU
		{0812FD02-0D57-44C1-BB56-B0A8358E8FF8}.Debug|Any CPU.ActiveCfg = Debug|Any CPU
		{0812FD02-0D57-44C1-BB56-B0A8358E8FF8}.Debug|Any CPU.Build.0 = Debug|Any CPU
		{0812FD02-0D57-44C1-BB56-B0A8358E8FF8}.Debug|x64.ActiveCfg = Debug|Any CPU
		{0812FD02-0D57-44C1-BB56-B0A8358E8FF8}.Debug|x64.Build.0 = Debug|Any CPU
		{0812FD02-0D57-44C1-BB56-B0A8358E8FF8}.Debug|x86.ActiveCfg = Debug|Any CPU
		{0812FD02-0D57-44C1-BB56-B0A8358E8FF8}.Debug|x86.Build.0 = Debug|Any CPU
		{0812FD02-0D57-44C1-BB56-B0A8358E8FF8}.Release|Any CPU.ActiveCfg = Release|Any CPU
		{0812FD02-0D57-44C1-BB56-B0A8358E8FF8}.Release|Any CPU.Build.0 = Release|Any CPU
		{0812FD02-0D57-44C1-BB56-B0A8358E8FF8}.Release|x64.ActiveCfg = Release|Any CPU
		{0812FD02-0D57-44C1-BB56-B0A8358E8FF8}.Release|x64.Build.0 = Release|Any CPU
		{0812FD02-0D57-44C1-BB56-B0A8358E8FF8}.Release|x86.ActiveCfg = Release|Any CPU
		{0812FD02-0D57-44C1-BB56-B0A8358E8FF8}.Release|x86.Build.0 = Release|Any CPU
		{B6E2A29D-4EE8-4A0F-92DB-61B19D52B3AA}.Debug|Any CPU.ActiveCfg = Debug|Any CPU
		{B6E2A29D-4EE8-4A0F-92DB-61B19D52B3AA}.Debug|Any CPU.Build.0 = Debug|Any CPU
		{B6E2A29D-4EE8-4A0F-92DB-61B19D52B3AA}.Debug|x64.ActiveCfg = Debug|Any CPU
		{B6E2A29D-4EE8-4A0F-92DB-61B19D52B3AA}.Debug|x64.Build.0 = Debug|Any CPU
		{B6E2A29D-4EE8-4A0F-92DB-61B19D52B3AA}.Debug|x86.ActiveCfg = Debug|Any CPU
		{B6E2A29D-4EE8-4A0F-92DB-61B19D52B3AA}.Debug|x86.Build.0 = Debug|Any CPU
		{B6E2A29D-4EE8-4A0F-92DB-61B19D52B3AA}.Release|Any CPU.ActiveCfg = Release|Any CPU
		{B6E2A29D-4EE8-4A0F-92DB-61B19D52B3AA}.Release|Any CPU.Build.0 = Release|Any CPU
		{B6E2A29D-4EE8-4A0F-92DB-61B19D52B3AA}.Release|x64.ActiveCfg = Release|Any CPU
		{B6E2A29D-4EE8-4A0F-92DB-61B19D52B3AA}.Release|x64.Build.0 = Release|Any CPU
		{B6E2A29D-4EE8-4A0F-92DB-61B19D52B3AA}.Release|x86.ActiveCfg = Release|Any CPU
		{B6E2A29D-4EE8-4A0F-92DB-61B19D52B3AA}.Release|x86.Build.0 = Release|Any CPU
	EndGlobalSection
	GlobalSection(SolutionProperties) = preSolution
		HideSolutionNode = FALSE
	EndGlobalSection
	GlobalSection(NestedProjects) = preSolution
		{2AC23721-61EF-4432-B80E-3256855783FA} = {827E0CD3-B72D-47B6-A68D-7590B98EB39B}
		{10D8810C-4984-4400-8C94-F53B0A7B7E81} = {827E0CD3-B72D-47B6-A68D-7590B98EB39B}
		{B692EABB-8BD5-43B6-989B-564A40E3980A} = {827E0CD3-B72D-47B6-A68D-7590B98EB39B}
		{0812FD02-0D57-44C1-BB56-B0A8358E8FF8} = {827E0CD3-B72D-47B6-A68D-7590B98EB39B}
		{B6E2A29D-4EE8-4A0F-92DB-61B19D52B3AA} = {827E0CD3-B72D-47B6-A68D-7590B98EB39B}
	EndGlobalSection
	GlobalSection(ExtensibilityGlobals) = postSolution
		SolutionGuid = {BAD8C8B9-CCDD-4869-9A0B-F19598E7B600}
	EndGlobalSection
EndGlobal
